
Microsoft Visual Studio Solution File, Format Version 12.00
# Visual Studio Version 17
VisualStudioVersion = 17.0.31903.59
MinimumVisualStudioVersion = 10.0.40219.1
Project("{FAE04EC0-301F-11D3-BF4B-00C04F79EFBC}") = "SpireMonteCarlo", "SpireMonteCarlo\SpireMonteCarlo.csproj", "{A1B2C3D4-E5F6-7890-ABCD-EF1234567890}"
EndProject
Project("{FAE04EC0-301F-11D3-BF4B-00C04F79EFBC}") = "SpireMonteCarlo.Contracts", "SpireMonteCarlo.Contracts\SpireMonteCarlo.Contracts.csproj", "{5C0589BB-2392-4DF7-8D3E-D1A7F3A2F093}"
EndProject
Project("{FAE04EC0-301F-11D3-BF4B-00C04F79EFBC}") = "SpireMonteCarlo.Tests", "SpireMonteCarlo.Tests\SpireMonteCarlo.Tests.csproj", "{E427E3C6-B834-4430-8582-F52599BD7AF3}"
EndProject
Project("{FAE04EC0-301F-11D3-BF4B-00C04F79EFBC}") = "SpireMonteCarlo.Advisor", "SpireMonteCarlo.Advisor\SpireMonteCarlo.Advisor.csproj", "{2D2D183B-33FE-41BC-BE88-7BFAA219F1B7}"
EndProject
Global
	GlobalSection(SolutionConfigurationPlatforms) = preSolution
		Debug|Any CPU = Debug|Any CPU
		Debug|x64 = Debug|x64
		Debug|x86 = Debug|x86
		Release|Any CPU = Release|Any CPU
		Release|x64 = Release|x64
		Release|x86 = Release|x86
	EndGlobalSection
	GlobalSection(ProjectConfigurationPlatforms) = postSolution
		{A1B2C3D4-E5F6-7890-ABCD-EF1234567890}.Debug|Any CPU.ActiveCfg = Debug|Any CPU
		{A1B2C3D4-E5F6-7890-ABCD-EF1234567890}.Debug|Any CPU.Build.0 = Debug|Any CPU
		{A1B2C3D4-E5F6-7890-ABCD-EF1234567890}.Debug|x64.ActiveCfg = Debug|Any CPU
		{A1B2C3D4-E5F6-7890-ABCD-EF1234567890}.Debug|x64.Build.0 = Debug|Any CPU
		{A1B2C3D4-E5F6-7890-ABCD-EF1234567890}.Debug|x86.ActiveCfg = Debug|Any CPU
		{A1B2C3D4-E5F6-7890-ABCD-EF1234567890}.Debug|x86.Build.0 = Debug|Any CPU
		{A1B2C3D4-E5F6-7890-ABCD-EF1234567890}.Release|Any CPU.ActiveCfg = Release|Any CPU
		{A1B2C3D4-E5F6-7890-ABCD-EF1234567890}.Release|Any CPU.Build.0 = Release|Any CPU
		{A1B2C3D4-E5F6-7890-ABCD-EF1234567890}.Release|x64.ActiveCfg = Release|Any CPU
		{A1B2C3D4-E5F6-7890-ABCD-EF1234567890}.Release|x64.Build.0 = Release|Any CPU
		{A1B2C3D4-E5F6-7890-ABCD-EF1234567890}.Release|x86.ActiveCfg = Release|Any CPU
		{A1B2C3D4-E5F6-7890-ABCD-EF1234567890}.Release|x86.Build.0 = Release|Any CPU
		{5C0589BB-2392-4DF7-8D3E-D1A7F3A2F093}.Debug|Any CPU.ActiveCfg = Debug|Any CPU
		{5C0589BB-2392-4DF7-8D3E-D1A7F3A2F093}.Debug|Any CPU.Build.0 = Debug|Any CPU
		{5C0589BB-2392-4DF7-8D3E-D1A7F3A2F093}.Debug|x64.ActiveCfg = Debug|Any CPU
		{5C0589BB-2392-4DF7-8D3E-D1A7F3A2F093}.Debug|x64.Build.0 = Debug|Any CPU
		{5C0589BB-2392-4DF7-8D3E-D1A7F3A2F093}.Debug|x86.ActiveCfg = Debug|Any CPU
		{5C0589BB-2392-4DF7-8D3E-D1A7F3A2F093}.Debug|x86.Build.0 = Debug|Any CPU
		{5C0589BB-2392-4DF7-8D3E-D1A7F3A2F093}.Release|Any CPU.ActiveCfg = Release|Any CPU
		{5C0589BB-2392-4DF7-8D3E-D1A7F3A2F093}.Release|Any CPU.Build.0 = Release|Any CPU
		{5C0589BB-2392-4DF7-8D3E-D1A7F3A2F093}.Release|x64.ActiveCfg = Release|Any CPU
		{5C0589BB-2392-4DF7-8D3E-D1A7F3A2F093}.Release|x64.Build.0 = Release|Any CPU
		{5C0589BB-2392-4DF7-8D3E-D1A7F3A2F093}.Release|x86.ActiveCfg = Release|Any CPU
		{5C0589BB-2392-4DF7-8D3E-D1A7F3A2F093}.Release|x86.Build.0 = Release|Any CPU
		{E427E3C6-B834-4430-8582-F52599BD7AF3}.Debug|Any CPU.ActiveCfg = Debug|Any CPU
		{E427E3C6-B834-4430-8582-F52599BD7AF3}.Debug|Any CPU.Build.0 = Debug|Any CPU
		{E427E3C6-B834-4430-8582-F52599BD7AF3}.Debug|x64.ActiveCfg = Debug|Any CPU
		{E427E3C6-B834-4430-8582-F52599BD7AF3}.Debug|x64.Build.0 = Debug|Any CPU
		{E427E3C6-B834-4430-8582-F52599BD7AF3}.Debug|x86.ActiveCfg = Debug|Any CPU
		{E427E3C6-B834-4430-8582-F52599BD7AF3}.Debug|x86.Build.0 = Debug|Any CPU
		{E427E3C6-B834-4430-8582-F52599BD7AF3}.Release|Any CPU.ActiveCfg = Release|Any CPU
		{E427E3C6-B834-4430-8582-F52599BD7AF3}.Release|Any CPU.Build.0 = Release|Any CPU
		{E427E3C6-B834-4430-8582-F52599BD7AF3}.Release|x64.ActiveCfg = Release|Any CPU
		{E427E3C6-B834-4430-8582-F52599BD7AF3}.Release|x64.Build.0 = Release|Any CPU
		{E427E3C6-B834-4430-8582-F52599BD7AF3}.Release|x86.ActiveCfg = Release|Any CPU
		{E427E3C6-B834-4430-8582-F52599BD7AF3}.Release|x86.Build.0 = Release|Any CPU
		{2D2D183B-33FE-41BC-BE88-7BFAA219F1B7}.Debug|Any CPU.ActiveCfg = Debug|Any CPU
		{2D2D183B-33FE-41BC-BE88-7BFAA219F1B7}.Debug|Any CPU.Build.0 = Debug|Any CPU
		{2D2D183B-33FE-41BC-BE88-7BFAA219F1B7}.Debug|x64.ActiveCfg = Debug|Any CPU
		{2D2D183B-33FE-41BC-BE88-7BFAA219F1B7}.Debug|x64.Build.0 = Debug|Any CPU
		{2D2D183B-33FE-41BC-BE88-7BFAA219F1B7}.Debug|x86.ActiveCfg = Debug|Any CPU
		{2D2D183B-33FE-41BC-BE88-7BFAA219F1B7}.Debug|x86.Build.0 = Debug|Any CPU
		{2D2D183B-33FE-41BC-BE88-7BFAA219F1B7}.Release|Any CPU.ActiveCfg = Release|Any CPU
		{2D2D183B-33FE-41BC-BE88-7BFAA219F1B7}.Release|Any CPU.Build.0 = Release|Any CPU
		{2D2D183B-33FE-41BC-BE88-7BFAA219F1B7}.Release|x64.ActiveCfg = Release|Any CPU
		{2D2D183B-33FE-41BC-BE88-7BFAA219F1B7}.Release|x64.Build.0 = Release|Any CPU
		{2D2D183B-33FE-41BC-BE88-7BFAA219F1B7}.Release|x86.ActiveCfg = Release|Any CPU
		{2D2D183B-33FE-41BC-BE88-7BFAA219F1B7}.Release|x86.Build.0 = Release|Any CPU
	EndGlobalSection
	GlobalSection(SolutionProperties) = preSolution
		HideSolutionNode = FALSE
	EndGlobalSection
EndGlobal
